
Microsoft Visual Studio Solution File, Format Version 12.00
# Visual Studio Version 17
VisualStudioVersion = 17.3.32922.545
MinimumVisualStudioVersion = 10.0.40219.1
Project("{FAE04EC0-301F-11D3-BF4B-00C04F79EFBC}") = "newspaper", "newspaper\newspaper.csproj", "{72963640-D72E-4F61-8F0B-5CACF18FAB41}"
EndProject
Project("{FAE04EC0-301F-11D3-BF4B-00C04F79EFBC}") = "DAL", "DAL\DAL.csproj", "{6F234CCE-BD0E-4535-84A7-034864370430}"
EndProject
Project("{FAE04EC0-301F-11D3-BF4B-00C04F79EFBC}") = "BLL", "BLL\BLL.csproj", "{D9FFE23D-05BE-43F7-8AE2-C678ADA631E5}"
EndProject
Project("{FAE04EC0-301F-11D3-BF4B-00C04F79EFBC}") = "DTO", "DTO\DTO.csproj", "{F8D765DA-D5F7-47BC-BBF4-8D977DE965B8}"
EndProject
Global
	GlobalSection(SolutionConfigurationPlatforms) = preSolution
		Debug|Any CPU = Debug|Any CPU
		Release|Any CPU = Release|Any CPU
	EndGlobalSection
	GlobalSection(ProjectConfigurationPlatforms) = postSolution
		{72963640-D72E-4F61-8F0B-5CACF18FAB41}.Debug|Any CPU.ActiveCfg = Debug|Any CPU
		{72963640-D72E-4F61-8F0B-5CACF18FAB41}.Debug|Any CPU.Build.0 = Debug|Any CPU
		{72963640-D72E-4F61-8F0B-5CACF18FAB41}.Release|Any CPU.ActiveCfg = Release|Any CPU
		{72963640-D72E-4F61-8F0B-5CACF18FAB41}.Release|Any CPU.Build.0 = Release|Any CPU
		{6F234CCE-BD0E-4535-84A7-034864370430}.Debug|Any CPU.ActiveCfg = Debug|Any CPU
		{6F234CCE-BD0E-4535-84A7-034864370430}.Debug|Any CPU.Build.0 = Debug|Any CPU
		{6F234CCE-BD0E-4535-84A7-034864370430}.Release|Any CPU.ActiveCfg = Release|Any CPU
		{6F234CCE-BD0E-4535-84A7-034864370430}.Release|Any CPU.Build.0 = Release|Any CPU
		{D9FFE23D-05BE-43F7-8AE2-C678ADA631E5}.Debug|Any CPU.ActiveCfg = Debug|Any CPU
		{D9FFE23D-05BE-43F7-8AE2-C678ADA631E5}.Debug|Any CPU.Build.0 = Debug|Any CPU
		{D9FFE23D-05BE-43F7-8AE2-C678ADA631E5}.Release|Any CPU.ActiveCfg = Release|Any CPU
		{D9FFE23D-05BE-43F7-8AE2-C678ADA631E5}.Release|Any CPU.Build.0 = Release|Any CPU
		{F8D765DA-D5F7-47BC-BBF4-8D977DE965B8}.Debug|Any CPU.ActiveCfg = Debug|Any CPU
		{F8D765DA-D5F7-47BC-BBF4-8D977DE965B8}.Debug|Any CPU.Build.0 = Debug|Any CPU
		{F8D765DA-D5F7-47BC-BBF4-8D977DE965B8}.Release|Any CPU.ActiveCfg = Release|Any CPU
		{F8D765DA-D5F7-47BC-BBF4-8D977DE965B8}.Release|Any CPU.Build.0 = Release|Any CPU
	EndGlobalSection
	GlobalSection(SolutionProperties) = preSolution
		HideSolutionNode = FALSE
	EndGlobalSection
	GlobalSection(ExtensibilityGlobals) = postSolution
		SolutionGuid = {1BC5262F-6FC2-4313-B3FE-003977C5CFD5}
	EndGlobalSection
EndGlobal
